
Microsoft Visual Studio Solution File, Format Version 12.00
# Visual Studio Version 17
VisualStudioVersion = 17.2.32630.192
MinimumVisualStudioVersion = 10.0.40219.1
Project("{6EC3EE1D-3C4E-46DD-8F32-0CC8E7565705}") = "GameServer", "GameServer.fsproj", "{23EF3E38-A835-4BD8-A22D-9048920FBC9A}"
EndProject
Global
	GlobalSection(SolutionConfigurationPlatforms) = preSolution
		Debug|Any CPU = Debug|Any CPU
		Release|Any CPU = Release|Any CPU
	EndGlobalSection
	GlobalSection(ProjectConfigurationPlatforms) = postSolution
		{23EF3E38-A835-4BD8-A22D-9048920FBC9A}.Debug|Any CPU.ActiveCfg = Debug|Any CPU
		{23EF3E38-A835-4BD8-A22D-9048920FBC9A}.Debug|Any CPU.Build.0 = Debug|Any CPU
		{23EF3E38-A835-4BD8-A22D-9048920FBC9A}.Release|Any CPU.ActiveCfg = Release|Any CPU
		{23EF3E38-A835-4BD8-A22D-9048920FBC9A}.Release|Any CPU.Build.0 = Release|Any CPU
	EndGlobalSection
	GlobalSection(SolutionProperties) = preSolution
		HideSolutionNode = FALSE
	EndGlobalSection
	GlobalSection(ExtensibilityGlobals) = postSolution
		SolutionGuid = {D3CA23FE-7DA9-4EA5-B02D-59A130B284CB}
	EndGlobalSection
EndGlobal
